lockfileVersion: '9.0'

settings:
  autoInstallPeers: true
  excludeLinksFromLockfile: false

importers:

  .:
    dependencies:
      '@myriaddreamin/typst-ts-renderer':
        specifier: 0.7.0-rc1
        version: 0.7.0-rc1
      '@myriaddreamin/typst-ts-web-compiler':
        specifier: 0.7.0-rc1
        version: 0.7.0-rc1

packages:

  '@myriaddreamin/typst-ts-renderer@0.7.0-rc1':
    resolution: {integrity: sha512-Dd0xP0THKiUwYVTX+2FW4gzBl4i3BNWLAO/ZAReSCkbaPiFb6py5heSvXX0vtH8sXsFQOB3qhxz68sEcq9oRKg==}

  '@myriaddreamin/typst-ts-web-compiler@0.7.0-rc1':
    resolution: {integrity: sha512-ICSdiR6U0GH1wqDKRYpvVWV9TBmA0kD0IPQwl0f2BhlHj4qrOPtC5GfSXGxzRiGNUou/Mhr9V8f2wgzBIp4P4Q==}

snapshots:

  '@myriaddreamin/typst-ts-renderer@0.7.0-rc1': {}

  '@myriaddreamin/typst-ts-web-compiler@0.7.0-rc1': {}
